
Microsoft Visual Studio Solution File, Format Version 12.00
# Visual Studio Version 17
VisualStudioVersion = 17.5.33516.290
MinimumVisualStudioVersion = 10.0.40219.1
Project("{9A19103F-16F7-4668-BE54-9A1E7A4F7556}") = "HelpingHand.API", "HelpingHand.API\HelpingHand.API.csproj", "{F20F7767-D716-415F-A1D2-D9D76581EE1D}"
EndProject
Project("{9A19103F-16F7-4668-BE54-9A1E7A4F7556}") = "HelpingHand.UnitTests", "HelpingHand.UnitTests\HelpingHand.UnitTests.csproj", "{A50102BE-767C-4576-883C-21CC57935472}"
EndProject
Global
	GlobalSection(SolutionConfigurationPlatforms) = preSolution
		Debug|Any CPU = Debug|Any CPU
		Release|Any CPU = Release|Any CPU
	EndGlobalSection
	GlobalSection(ProjectConfigurationPlatforms) = postSolution
		{F20F7767-D716-415F-A1D2-D9D76581EE1D}.Debug|Any CPU.ActiveCfg = Debug|Any CPU
		{F20F7767-D716-415F-A1D2-D9D76581EE1D}.Debug|Any CPU.Build.0 = Debug|Any CPU
		{F20F7767-D716-415F-A1D2-D9D76581EE1D}.Release|Any CPU.ActiveCfg = Release|Any CPU
		{F20F7767-D716-415F-A1D2-D9D76581EE1D}.Release|Any CPU.Build.0 = Release|Any CPU
		{A50102BE-767C-4576-883C-21CC57935472}.Debug|Any CPU.ActiveCfg = Debug|Any CPU
		{A50102BE-767C-4576-883C-21CC57935472}.Debug|Any CPU.Build.0 = Debug|Any CPU
		{A50102BE-767C-4576-883C-21CC57935472}.Release|Any CPU.ActiveCfg = Release|Any CPU
		{A50102BE-767C-4576-883C-21CC57935472}.Release|Any CPU.Build.0 = Release|Any CPU
	EndGlobalSection
	GlobalSection(SolutionProperties) = preSolution
		HideSolutionNode = FALSE
	EndGlobalSection
	GlobalSection(ExtensibilityGlobals) = postSolution
		SolutionGuid = {63C2B5F8-E44B-4EDD-8E44-25B8F0C9DAAF}
	EndGlobalSection
EndGlobal
